// !$*UTF8*$!
{
	archiveVersion = 1;
	classes = {
	};
	objectVersion = 46;
	objects = {

/* Begin PBXBuildFile section */
		18C7130915C7C3C100FC0239 /* HproseClassManager.m in Sources */ = {isa = PBXBuildFile; fileRef = 18C712F415C7C3C100FC0239 /* HproseClassManager.m */; };
		18C7130A15C7C3C100FC0239 /* HproseClient.m in Sources */ = {isa = PBXBuildFile; fileRef = 18C712F615C7C3C100FC0239 /* HproseClient.m */; };
		18C7130B15C7C3C100FC0239 /* HproseClientProxy.m in Sources */ = {isa = PBXBuildFile; fileRef = 18C712F815C7C3C100FC0239 /* HproseClientProxy.m */; };
		18C7130C15C7C3C100FC0239 /* HproseException.m in Sources */ = {isa = PBXBuildFile; fileRef = 18C712FB15C7C3C100FC0239 /* HproseException.m */; };
		18C7130D15C7C3C100FC0239 /* HproseHelper.m in Sources */ = {isa = PBXBuildFile; fileRef = 18C712FD15C7C3C100FC0239 /* HproseHelper.m */; };
		18C7130E15C7C3C100FC0239 /* HproseHttpClient.m in Sources */ = {isa = PBXBuildFile; fileRef = 18C712FF15C7C3C100FC0239 /* HproseHttpClient.m */; };
		18C7130F15C7C3C100FC0239 /* HproseProperty.m in Sources */ = {isa = PBXBuildFile; fileRef = 18C7130215C7C3C100FC0239 /* HproseProperty.m */; };
		18C7131015C7C3C100FC0239 /* HproseReader.m in Sources */ = {isa = PBXBuildFile; fileRef = 18C7130415C7C3C100FC0239 /* HproseReader.m */; };
		18C7131115C7C3C100FC0239 /* HproseWriter.m in Sources */ = {isa = PBXBuildFile; fileRef = 18C7130815C7C3C100FC0239 /* HproseWriter.m */; };
		A51EF61C15CCEC4700BC54FC /* AVFoundation.framework in Frameworks */ = {isa = PBXBuildFile; fileRef = A51EF61B15CCEC4700BC54FC /* AVFoundation.framework */; };
		A51EF62215CD1E5C00BC54FC /* AudioStreamer.m in Sources */ = {isa = PBXBuildFile; fileRef = A51EF62115CD1E5C00BC54FC /* AudioStreamer.m */; };
		A51EF62415CD1E8F00BC54FC /* CFNetwork.framework in Frameworks */ = {isa = PBXBuildFile; fileRef = A51EF62315CD1E8F00BC54FC /* CFNetwork.framework */; };
		A51EF62815CD1F0500BC54FC /* AudioToolbox.framework in Frameworks */ = {isa = PBXBuildFile; fileRef = A51EF62715CD1F0500BC54FC /* AudioToolbox.framework */; };
		A51EF63215CD247900BC54FC /* QuartzCore.framework in Frameworks */ = {isa = PBXBuildFile; fileRef = A51EF63115CD247900BC54FC /* QuartzCore.framework */; };
		A51EF63315CD24B500BC54FC /* MediaPlayer.framework in Frameworks */ = {isa = PBXBuildFile; fileRef = A569325F15C850290082F8C2 /* MediaPlayer.framework */; };
		A51EF63A15CD3BB300BC54FC /* btn_loading.png in Resources */ = {isa = PBXBuildFile; fileRef = A51EF63515CD3BB300BC54FC /* btn_loading.png */; };
		A51EF63B15CD3BB300BC54FC /* btn_next.png in Resources */ = {isa = PBXBuildFile; fileRef = A51EF63615CD3BB300BC54FC /* btn_next.png */; };
		A51EF63C15CD3BB300BC54FC /* btn_pause.png in Resources */ = {isa = PBXBuildFile; fileRef = A51EF63715CD3BB300BC54FC /* btn_pause.png */; };
		A51EF63D15CD3BB300BC54FC /* btn_play.png in Resources */ = {isa = PBXBuildFile; fileRef = A51EF63815CD3BB300BC54FC /* btn_play.png */; };
		A51EF63E15CD3BB300BC54FC /* btn_prev.png in Resources */ = {isa = PBXBuildFile; fileRef = A51EF63915CD3BB300BC54FC /* btn_prev.png */; };
		A51EF64115CD621D00BC54FC /* play_bg.png in Resources */ = {isa = PBXBuildFile; fileRef = A51EF63F15CD621D00BC54FC /* play_bg.png */; };
		A51EF64215CD621D00BC54FC /* title_bg.png in Resources */ = {isa = PBXBuildFile; fileRef = A51EF64015CD621D00BC54FC /* title_bg.png */; };
		A51EF64515CD633F00BC54FC /* btn_back.png in Resources */ = {isa = PBXBuildFile; fileRef = A51EF64315CD633F00BC54FC /* btn_back.png */; };
		A51EF64615CD633F00BC54FC /* btn_like.png in Resources */ = {isa = PBXBuildFile; fileRef = A51EF64415CD633F00BC54FC /* btn_like.png */; };
		A569325C15C83EC90082F8C2 /* SongListViewController.m in Sources */ = {isa = PBXBuildFile; fileRef = A569325A15C83EC90082F8C2 /* SongListViewController.m */; };
		A569325D15C83EC90082F8C2 /* SongListViewController.xib in Resources */ = {isa = PBXBuildFile; fileRef = A569325B15C83EC90082F8C2 /* SongListViewController.xib */; };
		A58717A115C6E68D00972EC9 /* UIKit.framework in Frameworks */ = {isa = PBXBuildFile; fileRef = A58717A015C6E68D00972EC9 /* UIKit.framework */; };
		A58717A315C6E68D00972EC9 /* Foundation.framework in Frameworks */ = {isa = PBXBuildFile; fileRef = A58717A215C6E68D00972EC9 /* Foundation.framework */; };
		A58717A515C6E68D00972EC9 /* CoreGraphics.framework in Frameworks */ = {isa = PBXBuildFile; fileRef = A58717A415C6E68D00972EC9 /* CoreGraphics.framework */; };
		A58717AB15C6E68D00972EC9 /* InfoPlist.strings in Resources */ = {isa = PBXBuildFile; fileRef = A58717A915C6E68D00972EC9 /* InfoPlist.strings */; };
		A58717AD15C6E68D00972EC9 /* main.m in Sources */ = {isa = PBXBuildFile; fileRef = A58717AC15C6E68D00972EC9 /* main.m */; };
		A58717B115C6E68D00972EC9 /* PHPOXAppDelegate.m in Sources */ = {isa = PBXBuildFile; fileRef = A58717B015C6E68D00972EC9 /* PHPOXAppDelegate.m */; };
		A58717B415C6E68D00972EC9 /* MainStoryboard.storyboard in Resources */ = {isa = PBXBuildFile; fileRef = A58717B215C6E68D00972EC9 /* MainStoryboard.storyboard */; };
		A58717B715C6E68D00972EC9 /* PHPOXFirstViewController.m in Sources */ = {isa = PBXBuildFile; fileRef = A58717B615C6E68D00972EC9 /* PHPOXFirstViewController.m */; };
		A58717B915C6E68E00972EC9 /* first.png in Resources */ = {isa = PBXBuildFile; fileRef = A58717B815C6E68E00972EC9 /* first.png */; };
		A58717BB15C6E68E00972EC9 /* first@2x.png in Resources */ = {isa = PBXBuildFile; fileRef = A58717BA15C6E68E00972EC9 /* first@2x.png */; };
		A58717BE15C6E68E00972EC9 /* PHPOXSecondViewController.m in Sources */ = {isa = PBXBuildFile; fileRef = A58717BD15C6E68E00972EC9 /* PHPOXSecondViewController.m */; };
		A58717C015C6E68E00972EC9 /* second.png in Resources */ = {isa = PBXBuildFile; fileRef = A58717BF15C6E68E00972EC9 /* second.png */; };
		A58717C215C6E68E00972EC9 /* second@2x.png in Resources */ = {isa = PBXBuildFile; fileRef = A58717C115C6E68E00972EC9 /* second@2x.png */; };
		A58717CA15C6E73400972EC9 /* icon.png in Resources */ = {isa = PBXBuildFile; fileRef = A58717C815C6E73400972EC9 /* icon.png */; };
		A58717CB15C6E73400972EC9 /* icon@2x.png in Resources */ = {isa = PBXBuildFile; fileRef = A58717C915C6E73400972EC9 /* icon@2x.png */; };
		A58717CF15C6ED8B00972EC9 /* Default@2x.png in Resources */ = {isa = PBXBuildFile; fileRef = A58717CE15C6ED8B00972EC9 /* Default@2x.png */; };
		A58717D115C6FDB500972EC9 /* ad@2x.png in Resources */ = {isa = PBXBuildFile; fileRef = A58717D015C6FDB500972EC9 /* ad@2x.png */; };
		A58717D415C707EB00972EC9 /* blue.png in Resources */ = {isa = PBXBuildFile; fileRef = A58717D215C707EB00972EC9 /* blue.png */; };
		A58717D515C707EB00972EC9 /* yellow.png in Resources */ = {isa = PBXBuildFile; fileRef = A58717D315C707EB00972EC9 /* yellow.png */; };
		A5BA8A4715CC322F003F76F2 /* PlayerViewController.m in Sources */ = {isa = PBXBuildFile; fileRef = A5BA8A4515CC322F003F76F2 /* PlayerViewController.m */; };
		A5BA8A4815CC322F003F76F2 /* PlayerViewController.xib in Resources */ = {isa = PBXBuildFile; fileRef = A5BA8A4615CC322F003F76F2 /* PlayerViewController.xib */; };
/* End PBXBuildFile section */

/* Begin PBXFileReference section */
		18C712F115C7C3C100FC0239 /* Hprose.h */ = {isa = PBXFileReference; fileEncoding = 4; lastKnownFileType = sourcecode.c.h; path = Hprose.h; sourceTree = "<group>"; };
		18C712F215C7C3C100FC0239 /* HproseAsyncInvoke.h */ = {isa = PBXFileReference; fileEncoding = 4; lastKnownFileType = sourcecode.c.h; path = HproseAsyncInvoke.h; sourceTree = "<group>"; };
		18C712F315C7C3C100FC0239 /* HproseClassManager.h */ = {isa = PBXFileReference; fileEncoding = 4; lastKnownFileType = sourcecode.c.h; path = HproseClassManager.h; sourceTree = "<group>"; };
		18C712F415C7C3C100FC0239 /* HproseClassManager.m */ = {isa = PBXFileReference; fileEncoding = 4; lastKnownFileType = sourcecode.c.objc; path = HproseClassManager.m; sourceTree = "<group>"; };
		18C712F515C7C3C100FC0239 /* HproseClient.h */ = {isa = PBXFileReference; fileEncoding = 4; lastKnownFileType = sourcecode.c.h; path = HproseClient.h; sourceTree = "<group>"; };
		18C712F615C7C3C100FC0239 /* HproseClient.m */ = {isa = PBXFileReference; fileEncoding = 4; lastKnownFileType = sourcecode.c.objc; path = HproseClient.m; sourceTree = "<group>"; };
		18C712F715C7C3C100FC0239 /* HproseClientProxy.h */ = {isa = PBXFileReference; fileEncoding = 4; lastKnownFileType = sourcecode.c.h; path = HproseClientProxy.h; sourceTree = "<group>"; };
		18C712F815C7C3C100FC0239 /* HproseClientProxy.m */ = {isa = PBXFileReference; fileEncoding = 4; lastKnownFileType = sourcecode.c.objc; path = HproseClientProxy.m; sourceTree = "<group>"; };
		18C712F915C7C3C100FC0239 /* HproseConnection.h */ = {isa = PBXFileReference; fileEncoding = 4; lastKnownFileType = sourcecode.c.h; path = HproseConnection.h; sourceTree = "<group>"; };
		18C712FA15C7C3C100FC0239 /* HproseException.h */ = {isa = PBXFileReference; fileEncoding = 4; lastKnownFileType = sourcecode.c.h; path = HproseException.h; sourceTree = "<group>"; };
		18C712FB15C7C3C100FC0239 /* HproseException.m */ = {isa = PBXFileReference; fileEncoding = 4; lastKnownFileType = sourcecode.c.objc; path = HproseException.m; sourceTree = "<group>"; };
		18C712FC15C7C3C100FC0239 /* HproseHelper.h */ = {isa = PBXFileReference; fileEncoding = 4; lastKnownFileType = sourcecode.c.h; path = HproseHelper.h; sourceTree = "<group>"; };
		18C712FD15C7C3C100FC0239 /* HproseHelper.m */ = {isa = PBXFileReference; fileEncoding = 4; lastKnownFileType = sourcecode.c.objc; path = HproseHelper.m; sourceTree = "<group>"; };
		18C712FE15C7C3C100FC0239 /* HproseHttpClient.h */ = {isa = PBXFileReference; fileEncoding = 4; lastKnownFileType = sourcecode.c.h; path = HproseHttpClient.h; sourceTree = "<group>"; };
		18C712FF15C7C3C100FC0239 /* HproseHttpClient.m */ = {isa = PBXFileReference; fileEncoding = 4; lastKnownFileType = sourcecode.c.objc; path = HproseHttpClient.m; sourceTree = "<group>"; };
		18C7130015C7C3C100FC0239 /* HproseInvoker.h */ = {isa = PBXFileReference; fileEncoding = 4; lastKnownFileType = sourcecode.c.h; path = HproseInvoker.h; sourceTree = "<group>"; };
		18C7130115C7C3C100FC0239 /* HproseProperty.h */ = {isa = PBXFileReference; fileEncoding = 4; lastKnownFileType = sourcecode.c.h; path = HproseProperty.h; sourceTree = "<group>"; };
		18C7130215C7C3C100FC0239 /* HproseProperty.m */ = {isa = PBXFileReference; fileEncoding = 4; lastKnownFileType = sourcecode.c.objc; path = HproseProperty.m; sourceTree = "<group>"; };
		18C7130315C7C3C100FC0239 /* HproseReader.h */ = {isa = PBXFileReference; fileEncoding = 4; lastKnownFileType = sourcecode.c.h; path = HproseReader.h; sourceTree = "<group>"; };
		18C7130415C7C3C100FC0239 /* HproseReader.m */ = {isa = PBXFileReference; fileEncoding = 4; lastKnownFileType = sourcecode.c.objc; path = HproseReader.m; sourceTree = "<group>"; };
		18C7130515C7C3C100FC0239 /* HproseResultMode.h */ = {isa = PBXFileReference; fileEncoding = 4; lastKnownFileType = sourcecode.c.h; path = HproseResultMode.h; sourceTree = "<group>"; };
		18C7130615C7C3C100FC0239 /* HproseTags.h */ = {isa = PBXFileReference; fileEncoding = 4; lastKnownFileType = sourcecode.c.h; path = HproseTags.h; sourceTree = "<group>"; };
		18C7130715C7C3C100FC0239 /* HproseWriter.h */ = {isa = PBXFileReference; fileEncoding = 4; lastKnownFileType = sourcecode.c.h; path = HproseWriter.h; sourceTree = "<group>"; };
		18C7130815C7C3C100FC0239 /* HproseWriter.m */ = {isa = PBXFileReference; fileEncoding = 4; lastKnownFileType = sourcecode.c.objc; path = HproseWriter.m; sourceTree = "<group>"; };
		A51EF61B15CCEC4700BC54FC /* AVFoundation.framework */ = {isa = PBXFileReference; lastKnownFileType = wrapper.framework; name = AVFoundation.framework; path = System/Library/Frameworks/AVFoundation.framework; sourceTree = SDKROOT; };
		A51EF62015CD1E5C00BC54FC /* AudioStreamer.h */ = {isa = PBXFileReference; fileEncoding = 4; lastKnownFileType = sourcecode.c.h; path = AudioStreamer.h; sourceTree = "<group>"; };
		A51EF62115CD1E5C00BC54FC /* AudioStreamer.m */ = {isa = PBXFileReference; fileEncoding = 4; lastKnownFileType = sourcecode.c.objc; path = AudioStreamer.m; sourceTree = "<group>"; };
		A51EF62315CD1E8F00BC54FC /* CFNetwork.framework */ = {isa = PBXFileReference; lastKnownFileType = wrapper.framework; name = CFNetwork.framework; path = System/Library/Frameworks/CFNetwork.framework; sourceTree = SDKROOT; };
		A51EF62515CD1EC900BC54FC /* CoreAudio.framework */ = {isa = PBXFileReference; lastKnownFileType = wrapper.framework; name = CoreAudio.framework; path = System/Library/Frameworks/CoreAudio.framework; sourceTree = SDKROOT; };
		A51EF62715CD1F0500BC54FC /* AudioToolbox.framework */ = {isa = PBXFileReference; lastKnownFileType = wrapper.framework; name = AudioToolbox.framework; path = System/Library/Frameworks/AudioToolbox.framework; sourceTree = SDKROOT; };
		A51EF63115CD247900BC54FC /* QuartzCore.framework */ = {isa = PBXFileReference; lastKnownFileType = wrapper.framework; name = QuartzCore.framework; path = System/Library/Frameworks/QuartzCore.framework; sourceTree = SDKROOT; };
		A51EF63515CD3BB300BC54FC /* btn_loading.png */ = {isa = PBXFileReference; lastKnownFileType = image.png; path = btn_loading.png; sourceTree = "<group>"; };
		A51EF63615CD3BB300BC54FC /* btn_next.png */ = {isa = PBXFileReference; lastKnownFileType = image.png; path = btn_next.png; sourceTree = "<group>"; };
		A51EF63715CD3BB300BC54FC /* btn_pause.png */ = {isa = PBXFileReference; lastKnownFileType = image.png; path = btn_pause.png; sourceTree = "<group>"; };
		A51EF63815CD3BB300BC54FC /* btn_play.png */ = {isa = PBXFileReference; lastKnownFileType = image.png; path = btn_play.png; sourceTree = "<group>"; };
		A51EF63915CD3BB300BC54FC /* btn_prev.png */ = {isa = PBXFileReference; lastKnownFileType = image.png; path = btn_prev.png; sourceTree = "<group>"; };
		A51EF63F15CD621D00BC54FC /* play_bg.png */ = {isa = PBXFileReference; lastKnownFileType = image.png; path = play_bg.png; sourceTree = "<group>"; };
		A51EF64015CD621D00BC54FC /* title_bg.png */ = {isa = PBXFileReference; lastKnownFileType = image.png; path = title_bg.png; sourceTree = "<group>"; };
		A51EF64315CD633F00BC54FC /* btn_back.png */ = {isa = PBXFileReference; lastKnownFileType = image.png; path = btn_back.png; sourceTree = "<group>"; };
		A51EF64415CD633F00BC54FC /* btn_like.png */ = {isa = PBXFileReference; lastKnownFileType = image.png; path = btn_like.png; sourceTree = "<group>"; };
		A569325915C83EC90082F8C2 /* SongListViewController.h */ = {isa = PBXFileReference; fileEncoding = 4; lastKnownFileType = sourcecode.c.h; path = SongListViewController.h; sourceTree = "<group>"; };
		A569325A15C83EC90082F8C2 /* SongListViewController.m */ = {isa = PBXFileReference; fileEncoding = 4; lastKnownFileType = sourcecode.c.objc; path = SongListViewController.m; sourceTree = "<group>"; };
		A569325B15C83EC90082F8C2 /* SongListViewController.xib */ = {isa = PBXFileReference; fileEncoding = 4; lastKnownFileType = file.xib; path = SongListViewController.xib; sourceTree = "<group>"; };
		A569325F15C850290082F8C2 /* MediaPlayer.framework */ = {isa = PBXFileReference; lastKnownFileType = wrapper.framework; name = MediaPlayer.framework; path = System/Library/Frameworks/MediaPlayer.framework; sourceTree = SDKROOT; };
		A587179C15C6E68D00972EC9 /* KoreaMusic.app */ = {isa = PBXFileReference; explicitFileType = wrapper.application; includeInIndex = 0; path = KoreaMusic.app; sourceTree = BUILT_PRODUCTS_DIR; };
		A58717A015C6E68D00972EC9 /* UIKit.framework */ = {isa = PBXFileReference; lastKnownFileType = wrapper.framework; name = UIKit.framework; path = System/Library/Frameworks/UIKit.framework; sourceTree = SDKROOT; };
		A58717A215C6E68D00972EC9 /* Foundation.framework */ = {isa = PBXFileReference; lastKnownFileType = wrapper.framework; name = Foundation.framework; path = System/Library/Frameworks/Foundation.framework; sourceTree = SDKROOT; };
		A58717A415C6E68D00972EC9 /* CoreGraphics.framework */ = {isa = PBXFileReference; lastKnownFileType = wrapper.framework; name = CoreGraphics.framework; path = System/Library/Frameworks/CoreGraphics.framework; sourceTree = SDKROOT; };
		A58717A815C6E68D00972EC9 /* KoreaMusic-Info.plist */ = {isa = PBXFileReference; lastKnownFileType = text.plist.xml; path = "KoreaMusic-Info.plist"; sourceTree = "<group>"; };
		A58717AA15C6E68D00972EC9 /* en */ = {isa = PBXFileReference; lastKnownFileType = text.plist.strings; name = en; path = en.lproj/InfoPlist.strings; sourceTree = "<group>"; };
		A58717AC15C6E68D00972EC9 /* main.m */ = {isa = PBXFileReference; lastKnownFileType = sourcecode.c.objc; path = main.m; sourceTree = "<group>"; };
		A58717AE15C6E68D00972EC9 /* KoreaMusic-Prefix.pch */ = {isa = PBXFileReference; lastKnownFileType = sourcecode.c.h; path = "KoreaMusic-Prefix.pch"; sourceTree = "<group>"; };
		A58717AF15C6E68D00972EC9 /* PHPOXAppDelegate.h */ = {isa = PBXFileReference; lastKnownFileType = sourcecode.c.h; path = PHPOXAppDelegate.h; sourceTree = "<group>"; };
		A58717B015C6E68D00972EC9 /* PHPOXAppDelegate.m */ = {isa = PBXFileReference; lastKnownFileType = sourcecode.c.objc; path = PHPOXAppDelegate.m; sourceTree = "<group>"; };
		A58717B315C6E68D00972EC9 /* en */ = {isa = PBXFileReference; lastKnownFileType = file.storyboard; name = en; path = en.lproj/MainStoryboard.storyboard; sourceTree = "<group>"; };
		A58717B515C6E68D00972EC9 /* PHPOXFirstViewController.h */ = {isa = PBXFileReference; lastKnownFileType = sourcecode.c.h; path = PHPOXFirstViewController.h; sourceTree = "<group>"; };
		A58717B615C6E68D00972EC9 /* PHPOXFirstViewController.m */ = {isa = PBXFileReference; lastKnownFileType = sourcecode.c.objc; path = PHPOXFirstViewController.m; sourceTree = "<group>"; };
		A58717B815C6E68E00972EC9 /* first.png */ = {isa = PBXFileReference; lastKnownFileType = image.png; path = first.png; sourceTree = "<group>"; };
		A58717BA15C6E68E00972EC9 /* first@2x.png */ = {isa = PBXFileReference; lastKnownFileType = image.png; path = "first@2x.png"; sourceTree = "<group>"; };
		A58717BC15C6E68E00972EC9 /* PHPOXSecondViewController.h */ = {isa = PBXFileReference; lastKnownFileType = sourcecode.c.h; path = PHPOXSecondViewController.h; sourceTree = "<group>"; };
		A58717BD15C6E68E00972EC9 /* PHPOXSecondViewController.m */ = {isa = PBXFileReference; lastKnownFileType = sourcecode.c.objc; path = PHPOXSecondViewController.m; sourceTree = "<group>"; };
		A58717BF15C6E68E00972EC9 /* second.png */ = {isa = PBXFileReference; lastKnownFileType = image.png; path = second.png; sourceTree = "<group>"; };
		A58717C115C6E68E00972EC9 /* second@2x.png */ = {isa = PBXFileReference; lastKnownFileType = image.png; path = "second@2x.png"; sourceTree = "<group>"; };
		A58717C815C6E73400972EC9 /* icon.png */ = {isa = PBXFileReference; lastKnownFileType = image.png; path = icon.png; sourceTree = "<group>"; };
		A58717C915C6E73400972EC9 /* icon@2x.png */ = {isa = PBXFileReference; lastKnownFileType = image.png; path = "icon@2x.png"; sourceTree = "<group>"; };
		A58717CE15C6ED8B00972EC9 /* Default@2x.png */ = {isa = PBXFileReference; lastKnownFileType = image.png; path = "Default@2x.png"; sourceTree = "<group>"; };
		A58717D015C6FDB500972EC9 /* ad@2x.png */ = {isa = PBXFileReference; lastKnownFileType = image.png; path = "ad@2x.png"; sourceTree = "<group>"; };
		A58717D215C707EB00972EC9 /* blue.png */ = {isa = PBXFileReference; lastKnownFileType = image.png; path = blue.png; sourceTree = "<group>"; };
		A58717D315C707EB00972EC9 /* yellow.png */ = {isa = PBXFileReference; lastKnownFileType = image.png; path = yellow.png; sourceTree = "<group>"; };
		A5BA8A4415CC322F003F76F2 /* PlayerViewController.h */ = {isa = PBXFileReference; fileEncoding = 4; lastKnownFileType = sourcecode.c.h; path = PlayerViewController.h; sourceTree = "<group>"; };
		A5BA8A4515CC322F003F76F2 /* PlayerViewController.m */ = {isa = PBXFileReference; fileEncoding = 4; lastKnownFileType = sourcecode.c.objc; path = PlayerViewController.m; sourceTree = "<group>"; };
		A5BA8A4615CC322F003F76F2 /* PlayerViewController.xib */ = {isa = PBXFileReference; fileEncoding = 4; lastKnownFileType = file.xib; path = PlayerViewController.xib; sourceTree = "<group>"; };
/* End PBXFileReference section */

/* Begin PBXFrameworksBuildPhase section */
		A587179915C6E68D00972EC9 /* Frameworks */ = {
			isa = PBXFrameworksBuildPhase;
			buildActionMask = 2147483647;
			files = (
				A51EF63315CD24B500BC54FC /* MediaPlayer.framework in Frameworks */,
				A51EF63215CD247900BC54FC /* QuartzCore.framework in Frameworks */,
				A51EF62815CD1F0500BC54FC /* AudioToolbox.framework in Frameworks */,
				A51EF62415CD1E8F00BC54FC /* CFNetwork.framework in Frameworks */,
				A51EF61C15CCEC4700BC54FC /* AVFoundation.framework in Frameworks */,
				A58717A115C6E68D00972EC9 /* UIKit.framework in Frameworks */,
				A58717A315C6E68D00972EC9 /* Foundation.framework in Frameworks */,
				A58717A515C6E68D00972EC9 /* CoreGraphics.framework in Frameworks */,
			);
			runOnlyForDeploymentPostprocessing = 0;
		};
/* End PBXFrameworksBuildPhase section */

/* Begin PBXGroup section */
		A51EF63415CD3BA000BC54FC /* res */ = {
			isa = PBXGroup;
			children = (
				A51EF64315CD633F00BC54FC /* btn_back.png */,
				A51EF64415CD633F00BC54FC /* btn_like.png */,
				A51EF63F15CD621D00BC54FC /* play_bg.png */,
				A51EF64015CD621D00BC54FC /* title_bg.png */,
				A51EF63515CD3BB300BC54FC /* btn_loading.png */,
				A51EF63615CD3BB300BC54FC /* btn_next.png */,
				A51EF63715CD3BB300BC54FC /* btn_pause.png */,
				A51EF63815CD3BB300BC54FC /* btn_play.png */,
				A51EF63915CD3BB300BC54FC /* btn_prev.png */,
			);
			name = res;
			sourceTree = "<group>";
		};
		A569325E15C84D130082F8C2 /* hprose */ = {
			isa = PBXGroup;
			children = (
				18C712F115C7C3C100FC0239 /* Hprose.h */,
				18C712F215C7C3C100FC0239 /* HproseAsyncInvoke.h */,
				18C712F315C7C3C100FC0239 /* HproseClassManager.h */,
				18C712F415C7C3C100FC0239 /* HproseClassManager.m */,
				18C712F515C7C3C100FC0239 /* HproseClient.h */,
				18C712F615C7C3C100FC0239 /* HproseClient.m */,
				18C712F715C7C3C100FC0239 /* HproseClientProxy.h */,
				18C712F815C7C3C100FC0239 /* HproseClientProxy.m */,
				18C712F915C7C3C100FC0239 /* HproseConnection.h */,
				18C712FA15C7C3C100FC0239 /* HproseException.h */,
				18C712FB15C7C3C100FC0239 /* HproseException.m */,
				18C712FC15C7C3C100FC0239 /* HproseHelper.h */,
				18C712FD15C7C3C100FC0239 /* HproseHelper.m */,
				18C712FE15C7C3C100FC0239 /* HproseHttpClient.h */,
				18C712FF15C7C3C100FC0239 /* HproseHttpClient.m */,
				18C7130015C7C3C100FC0239 /* HproseInvoker.h */,
				18C7130115C7C3C100FC0239 /* HproseProperty.h */,
				18C7130215C7C3C100FC0239 /* HproseProperty.m */,
				18C7130315C7C3C100FC0239 /* HproseReader.h */,
				18C7130415C7C3C100FC0239 /* HproseReader.m */,
				18C7130515C7C3C100FC0239 /* HproseResultMode.h */,
				18C7130615C7C3C100FC0239 /* HproseTags.h */,
				18C7130715C7C3C100FC0239 /* HproseWriter.h */,
				18C7130815C7C3C100FC0239 /* HproseWriter.m */,
			);
			name = hprose;
			sourceTree = "<group>";
		};
		A587179115C6E68D00972EC9 = {
			isa = PBXGroup;
			children = (
				A51EF63115CD247900BC54FC /* QuartzCore.framework */,
				A51EF62715CD1F0500BC54FC /* AudioToolbox.framework */,
				A51EF62515CD1EC900BC54FC /* CoreAudio.framework */,
				A51EF62315CD1E8F00BC54FC /* CFNetwork.framework */,
				A51EF61B15CCEC4700BC54FC /* AVFoundation.framework */,
				A569325F15C850290082F8C2 /* MediaPlayer.framework */,
				A58717A615C6E68D00972EC9 /* KoreaMusic */,
				A587179F15C6E68D00972EC9 /* Frameworks */,
				A587179D15C6E68D00972EC9 /* Products */,
			);
			sourceTree = "<group>";
		};
		A587179D15C6E68D00972EC9 /* Products */ = {
			isa = PBXGroup;
			children = (
				A587179C15C6E68D00972EC9 /* KoreaMusic.app */,
			);
			name = Products;
			sourceTree = "<group>";
		};
		A587179F15C6E68D00972EC9 /* Frameworks */ = {
			isa = PBXGroup;
			children = (
				A58717A015C6E68D00972EC9 /* UIKit.framework */,
				A58717A215C6E68D00972EC9 /* Foundation.framework */,
				A58717A415C6E68D00972EC9 /* CoreGraphics.framework */,
			);
			name = Frameworks;
			sourceTree = "<group>";
		};
		A58717A615C6E68D00972EC9 /* KoreaMusic */ = {
			isa = PBXGroup;
			children = (
				A58717D015C6FDB500972EC9 /* ad@2x.png */,
				A51EF62015CD1E5C00BC54FC /* AudioStreamer.h */,
				A51EF62115CD1E5C00BC54FC /* AudioStreamer.m */,
				A58717D215C707EB00972EC9 /* blue.png */,
				A58717CE15C6ED8B00972EC9 /* Default@2x.png */,
				A58717B815C6E68E00972EC9 /* first.png */,
				A58717BA15C6E68E00972EC9 /* first@2x.png */,
				A569325E15C84D130082F8C2 /* hprose */,
				A58717C815C6E73400972EC9 /* icon.png */,
				A58717C915C6E73400972EC9 /* icon@2x.png */,
				A58717B215C6E68D00972EC9 /* MainStoryboard.storyboard */,
				A58717AF15C6E68D00972EC9 /* PHPOXAppDelegate.h */,
				A58717B015C6E68D00972EC9 /* PHPOXAppDelegate.m */,
				A58717B515C6E68D00972EC9 /* PHPOXFirstViewController.h */,
				A58717B615C6E68D00972EC9 /* PHPOXFirstViewController.m */,
				A58717BC15C6E68E00972EC9 /* PHPOXSecondViewController.h */,
				A58717BD15C6E68E00972EC9 /* PHPOXSecondViewController.m */,
				A5BA8A4415CC322F003F76F2 /* PlayerViewController.h */,
				A5BA8A4515CC322F003F76F2 /* PlayerViewController.m */,
				A5BA8A4615CC322F003F76F2 /* PlayerViewController.xib */,
				A51EF63415CD3BA000BC54FC /* res */,
				A58717BF15C6E68E00972EC9 /* second.png */,
				A58717C115C6E68E00972EC9 /* second@2x.png */,
				A569325915C83EC90082F8C2 /* SongListViewController.h */,
				A569325A15C83EC90082F8C2 /* SongListViewController.m */,
				A569325B15C83EC90082F8C2 /* SongListViewController.xib */,
				A58717A715C6E68D00972EC9 /* Supporting Files */,
				A58717D315C707EB00972EC9 /* yellow.png */,
			);
			path = KoreaMusic;
			sourceTree = "<group>";
		};
		A58717A715C6E68D00972EC9 /* Supporting Files */ = {
			isa = PBXGroup;
			children = (
				A58717A815C6E68D00972EC9 /* KoreaMusic-Info.plist */,
				A58717A915C6E68D00972EC9 /* InfoPlist.strings */,
				A58717AC15C6E68D00972EC9 /* main.m */,
				A58717AE15C6E68D00972EC9 /* KoreaMusic-Prefix.pch */,
			);
			name = "Supporting Files";
			sourceTree = "<group>";
		};
/* End PBXGroup section */

/* Begin PBXNativeTarget section */
		A587179B15C6E68D00972EC9 /* KoreaMusic */ = {
			isa = PBXNativeTarget;
			buildConfigurationList = A58717C515C6E68E00972EC9 /* Build configuration list for PBXNativeTarget "KoreaMusic" */;
			buildPhases = (
				A587179815C6E68D00972EC9 /* Sources */,
				A587179915C6E68D00972EC9 /* Frameworks */,
				A587179A15C6E68D00972EC9 /* Resources */,
				A548F3ED15C71AEC00D119E6 /* ShellScript */,
			);
			buildRules = (
			);
			dependencies = (
			);
			name = KoreaMusic;
			productName = KoreaMusic;
			productReference = A587179C15C6E68D00972EC9 /* KoreaMusic.app */;
			productType = "com.apple.product-type.application";
		};
/* End PBXNativeTarget section */

/* Begin PBXProject section */
		A587179315C6E68D00972EC9 /* Project object */ = {
			isa = PBXProject;
			attributes = {
				CLASSPREFIX = PHPOX;
				LastUpgradeCheck = 0430;
				ORGANIZATIONNAME = ybnews;
			};
			buildConfigurationList = A587179615C6E68D00972EC9 /* Build configuration list for PBXProject "KoreaMusic" */;
			compatibilityVersion = "Xcode 3.2";
			developmentRegion = English;
			hasScannedForEncodings = 0;
			knownRegions = (
				en,
			);
			mainGroup = A587179115C6E68D00972EC9;
			productRefGroup = A587179D15C6E68D00972EC9 /* Products */;
			projectDirPath = "";
			projectRoot = "";
			targets = (
				A587179B15C6E68D00972EC9 /* KoreaMusic */,
			);
		};
/* End PBXProject section */

/* Begin PBXResourcesBuildPhase section */
		A587179A15C6E68D00972EC9 /* Resources */ = {
			isa = PBXResourcesBuildPhase;
			buildActionMask = 2147483647;
			files = (
				A58717AB15C6E68D00972EC9 /* InfoPlist.strings in Resources */,
				A58717B415C6E68D00972EC9 /* MainStoryboard.storyboard in Resources */,
				A58717B915C6E68E00972EC9 /* first.png in Resources */,
				A58717BB15C6E68E00972EC9 /* first@2x.png in Resources */,
				A58717C015C6E68E00972EC9 /* second.png in Resources */,
				A58717C215C6E68E00972EC9 /* second@2x.png in Resources */,
				A58717CA15C6E73400972EC9 /* icon.png in Resources */,
				A58717CB15C6E73400972EC9 /* icon@2x.png in Resources */,
				A58717CF15C6ED8B00972EC9 /* Default@2x.png in Resources */,
				A58717D115C6FDB500972EC9 /* ad@2x.png in Resources */,
				A58717D415C707EB00972EC9 /* blue.png in Resources */,
				A58717D515C707EB00972EC9 /* yellow.png in Resources */,
				A569325D15C83EC90082F8C2 /* SongListViewController.xib in Resources */,
				A5BA8A4815CC322F003F76F2 /* PlayerViewController.xib in Resources */,
				A51EF63A15CD3BB300BC54FC /* btn_loading.png in Resources */,
				A51EF63B15CD3BB300BC54FC /* btn_next.png in Resources */,
				A51EF63C15CD3BB300BC54FC /* btn_pause.png in Resources */,
				A51EF63D15CD3BB300BC54FC /* btn_play.png in Resources */,
				A51EF63E15CD3BB300BC54FC /* btn_prev.png in Resources */,
				A51EF64115CD621D00BC54FC /* play_bg.png in Resources */,
				A51EF64215CD621D00BC54FC /* title_bg.png in Resources */,
				A51EF64515CD633F00BC54FC /* btn_back.png in Resources */,
				A51EF64615CD633F00BC54FC /* btn_like.png in Resources */,
			);
			runOnlyForDeploymentPostprocessing = 0;
		};
/* End PBXResourcesBuildPhase section */

/* Begin PBXShellScriptBuildPhase section */
		A548F3ED15C71AEC00D119E6 /* ShellScript */ = {
			isa = PBXShellScriptBuildPhase;
			buildActionMask = 2147483647;
			files = (
			);
			inputPaths = (
			);
			outputPaths = (
			);
			runOnlyForDeploymentPostprocessing = 0;
			shellPath = /bin/sh;
			shellScript = "export CODESIGN_ALLOCATE=/Applications/Xcode.app/Contents/Developer/Platforms/iPhoneOS.platform/Developer/usr/bin/codesign_allocate\nif [ \"${PLATFORM_NAME}\" == \"iphoneos\" ] || [ \"${PLATFORM_NAME}\" == \"ipados\" ]; then\n/Applications/Xcode.app/Contents/Developer/iphoneentitlements/gen_entitlements.py \"my.company.${PROJECT_NAME}\" \"${BUILT_PRODUCTS_DIR}/${WRAPPER_NAME}/${PROJECT_NAME}.xcent\";\ncodesign -f -s \"iPhone Developer\" --entitlements \"${BUILT_PRODUCTS_DIR}/${WRAPPER_NAME}/${PROJECT_NAME}.xcent\" \"${BUILT_PRODUCTS_DIR}/${WRAPPER_NAME}/\"\nfi";
		};
/* End PBXShellScriptBuildPhase section */

/* Begin PBXSourcesBuildPhase section */
		A587179815C6E68D00972EC9 /* Sources */ = {
			isa = PBXSourcesBuildPhase;
			buildActionMask = 2147483647;
			files = (
				A58717AD15C6E68D00972EC9 /* main.m in Sources */,
				A58717B115C6E68D00972EC9 /* PHPOXAppDelegate.m in Sources */,
				A58717B715C6E68D00972EC9 /* PHPOXFirstViewController.m in Sources */,
				A58717BE15C6E68E00972EC9 /* PHPOXSecondViewController.m in Sources */,
				18C7130915C7C3C100FC0239 /* HproseClassManager.m in Sources */,
				18C7130A15C7C3C100FC0239 /* HproseClient.m in Sources */,
				18C7130B15C7C3C100FC0239 /* HproseClientProxy.m in Sources */,
				18C7130C15C7C3C100FC0239 /* HproseException.m in Sources */,
				18C7130D15C7C3C100FC0239 /* HproseHelper.m in Sources */,
				18C7130E15C7C3C100FC0239 /* HproseHttpClient.m in Sources */,
				18C7130F15C7C3C100FC0239 /* HproseProperty.m in Sources */,
				18C7131015C7C3C100FC0239 /* HproseReader.m in Sources */,
				18C7131115C7C3C100FC0239 /* HproseWriter.m in Sources */,
				A569325C15C83EC90082F8C2 /* SongListViewController.m in Sources */,
				A5BA8A4715CC322F003F76F2 /* PlayerViewController.m in Sources */,
				A51EF62215CD1E5C00BC54FC /* AudioStreamer.m in Sources */,
			);
			runOnlyForDeploymentPostprocessing = 0;
		};
/* End PBXSourcesBuildPhase section */

/* Begin PBXVariantGroup section */
		A58717A915C6E68D00972EC9 /* InfoPlist.strings */ = {
			isa = PBXVariantGroup;
			children = (
				A58717AA15C6E68D00972EC9 /* en */,
			);
			name = InfoPlist.strings;
			sourceTree = "<group>";
		};
		A58717B215C6E68D00972EC9 /* MainStoryboard.storyboard */ = {
			isa = PBXVariantGroup;
			children = (
				A58717B315C6E68D00972EC9 /* en */,
			);
			name = MainStoryboard.storyboard;
			sourceTree = "<group>";
		};
/* End PBXVariantGroup section */

/* Begin XCBuildConfiguration section */
		A58717C315C6E68E00972EC9 /* Debug */ = {
			isa = XCBuildConfiguration;
			buildSettings = {
				ALWAYS_SEARCH_USER_PATHS = NO;
				ARCHS = "$(ARCHS_STANDARD_32_BIT)";
				CLANG_ENABLE_OBJC_ARC = YES;
				"CODE_SIGN_IDENTITY[sdk=iphoneos*]" = "";
				COPY_PHASE_STRIP = NO;
				GCC_C_LANGUAGE_STANDARD = gnu99;
				GCC_DYNAMIC_NO_PIC = NO;
				GCC_OPTIMIZATION_LEVEL = 0;
				GCC_PREPROCESSOR_DEFINITIONS = (
					"DEBUG=1",
					"$(inherited)",
				);
				GCC_SYMBOLS_PRIVATE_EXTERN = NO;
				GCC_VERSION = com.apple.compilers.llvm.clang.1_0;
				GCC_WARN_ABOUT_RETURN_TYPE = YES;
				GCC_WARN_UNINITIALIZED_AUTOS = YES;
				GCC_WARN_UNUSED_VARIABLE = YES;
				IPHONEOS_DEPLOYMENT_TARGET = 5.1;
				SDKROOT = iphoneos;
			};
			name = Debug;
		};
		A58717C415C6E68E00972EC9 /* Release */ = {
			isa = XCBuildConfiguration;
			buildSettings = {
				ALWAYS_SEARCH_USER_PATHS = NO;
				ARCHS = "$(ARCHS_STANDARD_32_BIT)";
				CLANG_ENABLE_OBJC_ARC = YES;
				"CODE_SIGN_IDENTITY[sdk=iphoneos*]" = "";
				COPY_PHASE_STRIP = YES;
				GCC_C_LANGUAGE_STANDARD = gnu99;
				GCC_VERSION = com.apple.compilers.llvm.clang.1_0;
				GCC_WARN_ABOUT_RETURN_TYPE = YES;
				GCC_WARN_UNINITIALIZED_AUTOS = YES;
				GCC_WARN_UNUSED_VARIABLE = YES;
				IPHONEOS_DEPLOYMENT_TARGET = 5.1;
				OTHER_CFLAGS = "-DNS_BLOCK_ASSERTIONS=1";
				SDKROOT = iphoneos;
				VALIDATE_PRODUCT = YES;
			};
			name = Release;
		};
		A58717C615C6E68E00972EC9 /* Debug */ = {
			isa = XCBuildConfiguration;
			buildSettings = {
				CLANG_ENABLE_OBJC_ARC = NO;
				GCC_PRECOMPILE_PREFIX_HEADER = YES;
				GCC_PREFIX_HEADER = "KoreaMusic/KoreaMusic-Prefix.pch";
				INFOPLIST_FILE = "KoreaMusic/KoreaMusic-Info.plist";
				PRODUCT_NAME = "$(TARGET_NAME)";
				WRAPPER_EXTENSION = app;
			};
			name = Debug;
		};
		A58717C715C6E68E00972EC9 /* Release */ = {
			isa = XCBuildConfiguration;
			buildSettings = {
				CLANG_ENABLE_OBJC_ARC = NO;
				GCC_PRECOMPILE_PREFIX_HEADER = YES;
				GCC_PREFIX_HEADER = "KoreaMusic/KoreaMusic-Prefix.pch";
				INFOPLIST_FILE = "KoreaMusic/KoreaMusic-Info.plist";
				PRODUCT_NAME = "$(TARGET_NAME)";
				WRAPPER_EXTENSION = app;
			};
			name = Release;
		};
/* End XCBuildConfiguration section */

/* Begin XCConfigurationList section */
		A587179615C6E68D00972EC9 /* Build configuration list for PBXProject "KoreaMusic" */ = {
			isa = XCConfigurationList;
			buildConfigurations = (
				A58717C315C6E68E00972EC9 /* Debug */,
				A58717C415C6E68E00972EC9 /* Release */,
			);
			defaultConfigurationIsVisible = 0;
			defaultConfigurationName = Release;
		};
		A58717C515C6E68E00972EC9 /* Build configuration list for PBXNativeTarget "KoreaMusic" */ = {
			isa = XCConfigurationList;
			buildConfigurations = (
				A58717C615C6E68E00972EC9 /* Debug */,
				A58717C715C6E68E00972EC9 /* Release */,
			);
			defaultConfigurationIsVisible = 0;
			defaultConfigurationName = Release;
		};
/* End XCConfigurationList section */
	};
	rootObject = A587179315C6E68D00972EC9 /* Project object */;
}
